{
  "name": "AiLaTrieuPhuGame",
  "lockfileVersion": 2,
  "requires": true,
  "packages": {
    "": {
      "name": "AiLaTrieuPhuGame",
      "dependencies": {
        "papaparse": "^5.4.0"
      }
    },
    "node_modules/papaparse": {
      "version": "5.4.0",
      "resolved": "https://registry.npmjs.org/papaparse/-/papaparse-5.4.0.tgz",
      "integrity": "sha512-ZBQABWG09p+u8rFoJVl/GhgxZ5zy9Zh1Lu/LVc7VX5T4nljjC14/YTcpebYwqP218B9X307eBOP7Tuhoqv7v7w=="
    }
  },
  "dependencies": {
    "papaparse": {
      "version": "5.4.0",
      "resolved": "https://registry.npmjs.org/papaparse/-/papaparse-5.4.0.tgz",
      "integrity": "sha512-ZBQABWG09p+u8rFoJVl/GhgxZ5zy9Zh1Lu/LVc7VX5T4nljjC14/YTcpebYwqP218B9X307eBOP7Tuhoqv7v7w=="
    }
  }
}
